# THIS IS AN AUTOGENERATED FILE. DO NOT EDIT THIS FILE DIRECTLY.
# yarn lockfile v1


fancy-canvas@0.2.2:
  version "0.2.2"
  resolved "https://registry.yarnpkg.com/fancy-canvas/-/fancy-canvas-0.2.2.tgz#33fd4976724169a1eda5015f515a2a1302d1ec91"
  integrity sha512-50qi8xA0QkHbjmb8h7XQ6k2fvD7y/yMfiUw9YTarJ7rWrq6o5/3CCXPouYk+XSLASvvxtjyiQLRBFt3qkE3oyA==

lightweight-charts@^3.2.0:
  version "3.2.0"
  resolved "https://registry.yarnpkg.com/lightweight-charts/-/lightweight-charts-3.2.0.tgz#4b34f07bcb46940ef64393b58a65eb2a08287184"
  integrity sha512-MLyg87IQITC7vSd14/MaHi0cJFkzNEtHy2t5ZcgxeM4stglz7ceCIQn56iNWAE06J8Lsxb5lMTF9eEk86XUeLA==
  dependencies:
    fancy-canvas "0.2.2"
