# THIS IS AN AUTOGENERATED FILE. DO NOT EDIT THIS FILE DIRECTLY.
# yarn lockfile v1


"@types/node@^13.13.12":
  version "13.13.52"
  resolved "https://registry.yarnpkg.com/@types/node/-/node-13.13.52.tgz#03c13be70b9031baaed79481c0c0cfb0045e53f7"
  integrity sha512-s3nugnZumCC//n4moGGe6tkNMyYEdaDBitVjwPxXmR5lnMG5dHePinH2EdxkG3Rh1ghFHHixAG4NJhpJW1rthQ==

date-fns-tz@^1.1.4:
  version "1.1.4"
  resolved "https://registry.yarnpkg.com/date-fns-tz/-/date-fns-tz-1.1.4.tgz#38282c2bfab08946a4e9bb89d733451e5525048b"
  integrity sha512-lQ+FF7xUxxRuRqIY7H/lagnT3PhhSnnvtGHzjE5WZKwRyLU7glJfLys05SZ7zHlEr6RXWiqkmgWq4nCkcElR+g==

date-fns@^2.21.3:
  version "2.22.1"
  resolved "https://registry.yarnpkg.com/date-fns/-/date-fns-2.22.1.tgz#1e5af959831ebb1d82992bf67b765052d8f0efc4"
  integrity sha512-yUFPQjrxEmIsMqlHhAhmxkuH769baF21Kk+nZwZGyrMoyLA+LugaQtC0+Tqf9CBUUULWwUJt6Q5ySI3LJDDCGg==

typescript@^4.1.3:
  version "4.3.4"
  resolved "https://registry.yarnpkg.com/typescript/-/typescript-4.3.4.tgz#3f85b986945bcf31071decdd96cf8bfa65f9dcbc"
  integrity sha512-uauPG7XZn9F/mo+7MrsRjyvbxFpzemRjKEZXS4AK83oP2KKOJPvb+9cO/gmnv8arWZvhnjVOXz7B49m1l0e9Ew==
